
Microsoft Visual Studio Solution File, Format Version 12.00
# Visual Studio 15
VisualStudioVersion = 15.0.26124.0
MinimumVisualStudioVersion = 15.0.26124.0
Project("{FAE04EC0-301F-11D3-BF4B-00C04F79EFBC}") = "YarnSpinner", "YarnSpinner\YarnSpinner.csproj", "{1540ACF5-A851-4C38-9856-034CE8ADC0EF}"
EndProject
Project("{FAE04EC0-301F-11D3-BF4B-00C04F79EFBC}") = "YarnSpinner.Tests", "YarnSpinner.Tests\YarnSpinner.Tests.csproj", "{44B79FF6-8A67-4F4D-AFD0-A4304878E5AA}"
EndProject
Project("{FAE04EC0-301F-11D3-BF4B-00C04F79EFBC}") = "YarnSpinner.Compiler", "YarnSpinner.Compiler\YarnSpinner.Compiler.csproj", "{CBFD3E89-DD32-4EC3-B3B8-3B8D3DBBC213}"
EndProject
Project("{FAE04EC0-301F-11D3-BF4B-00C04F79EFBC}") = "YarnSpinner.Unity", "Unity\YarnSpinner.Unity.csproj", "{5C0E715E-0A90-0477-61DD-35732DCC052A}"
EndProject
Global
	GlobalSection(SolutionConfigurationPlatforms) = preSolution
		Debug|Any CPU = Debug|Any CPU
		Debug|x64 = Debug|x64
		Debug|x86 = Debug|x86
		Release|Any CPU = Release|Any CPU
		Release|x64 = Release|x64
		Release|x86 = Release|x86
	EndGlobalSection
	GlobalSection(SolutionProperties) = preSolution
		HideSolutionNode = FALSE
	EndGlobalSection
	GlobalSection(ProjectConfigurationPlatforms) = postSolution
		{1540ACF5-A851-4C38-9856-034CE8ADC0EF}.Debug|Any CPU.ActiveCfg = Debug|Any CPU
		{1540ACF5-A851-4C38-9856-034CE8ADC0EF}.Debug|Any CPU.Build.0 = Debug|Any CPU
		{1540ACF5-A851-4C38-9856-034CE8ADC0EF}.Debug|x64.ActiveCfg = Debug|Any CPU
		{1540ACF5-A851-4C38-9856-034CE8ADC0EF}.Debug|x64.Build.0 = Debug|Any CPU
		{1540ACF5-A851-4C38-9856-034CE8ADC0EF}.Debug|x86.ActiveCfg = Debug|Any CPU
		{1540ACF5-A851-4C38-9856-034CE8ADC0EF}.Debug|x86.Build.0 = Debug|Any CPU
		{1540ACF5-A851-4C38-9856-034CE8ADC0EF}.Release|Any CPU.ActiveCfg = Release|Any CPU
		{1540ACF5-A851-4C38-9856-034CE8ADC0EF}.Release|Any CPU.Build.0 = Release|Any CPU
		{1540ACF5-A851-4C38-9856-034CE8ADC0EF}.Release|x64.ActiveCfg = Release|Any CPU
		{1540ACF5-A851-4C38-9856-034CE8ADC0EF}.Release|x64.Build.0 = Release|Any CPU
		{1540ACF5-A851-4C38-9856-034CE8ADC0EF}.Release|x86.ActiveCfg = Release|Any CPU
		{1540ACF5-A851-4C38-9856-034CE8ADC0EF}.Release|x86.Build.0 = Release|Any CPU
		{44B79FF6-8A67-4F4D-AFD0-A4304878E5AA}.Debug|Any CPU.ActiveCfg = Debug|Any CPU
		{44B79FF6-8A67-4F4D-AFD0-A4304878E5AA}.Debug|Any CPU.Build.0 = Debug|Any CPU
		{44B79FF6-8A67-4F4D-AFD0-A4304878E5AA}.Debug|x64.ActiveCfg = Debug|Any CPU
		{44B79FF6-8A67-4F4D-AFD0-A4304878E5AA}.Debug|x64.Build.0 = Debug|Any CPU
		{44B79FF6-8A67-4F4D-AFD0-A4304878E5AA}.Debug|x86.ActiveCfg = Debug|Any CPU
		{44B79FF6-8A67-4F4D-AFD0-A4304878E5AA}.Debug|x86.Build.0 = Debug|Any CPU
		{44B79FF6-8A67-4F4D-AFD0-A4304878E5AA}.Release|Any CPU.ActiveCfg = Release|Any CPU
		{44B79FF6-8A67-4F4D-AFD0-A4304878E5AA}.Release|Any CPU.Build.0 = Release|Any CPU
		{44B79FF6-8A67-4F4D-AFD0-A4304878E5AA}.Release|x64.ActiveCfg = Release|Any CPU
		{44B79FF6-8A67-4F4D-AFD0-A4304878E5AA}.Release|x64.Build.0 = Release|Any CPU
		{44B79FF6-8A67-4F4D-AFD0-A4304878E5AA}.Release|x86.ActiveCfg = Release|Any CPU
		{44B79FF6-8A67-4F4D-AFD0-A4304878E5AA}.Release|x86.Build.0 = Release|Any CPU
		{CBFD3E89-DD32-4EC3-B3B8-3B8D3DBBC213}.Debug|Any CPU.ActiveCfg = Debug|Any CPU
		{CBFD3E89-DD32-4EC3-B3B8-3B8D3DBBC213}.Debug|Any CPU.Build.0 = Debug|Any CPU
		{CBFD3E89-DD32-4EC3-B3B8-3B8D3DBBC213}.Debug|x64.ActiveCfg = Debug|Any CPU
		{CBFD3E89-DD32-4EC3-B3B8-3B8D3DBBC213}.Debug|x64.Build.0 = Debug|Any CPU
		{CBFD3E89-DD32-4EC3-B3B8-3B8D3DBBC213}.Debug|x86.ActiveCfg = Debug|Any CPU
		{CBFD3E89-DD32-4EC3-B3B8-3B8D3DBBC213}.Debug|x86.Build.0 = Debug|Any CPU
		{CBFD3E89-DD32-4EC3-B3B8-3B8D3DBBC213}.Release|Any CPU.ActiveCfg = Release|Any CPU
		{CBFD3E89-DD32-4EC3-B3B8-3B8D3DBBC213}.Release|Any CPU.Build.0 = Release|Any CPU
		{CBFD3E89-DD32-4EC3-B3B8-3B8D3DBBC213}.Release|x64.ActiveCfg = Release|Any CPU
		{CBFD3E89-DD32-4EC3-B3B8-3B8D3DBBC213}.Release|x64.Build.0 = Release|Any CPU
		{CBFD3E89-DD32-4EC3-B3B8-3B8D3DBBC213}.Release|x86.ActiveCfg = Release|Any CPU
		{CBFD3E89-DD32-4EC3-B3B8-3B8D3DBBC213}.Release|x86.Build.0 = Release|Any CPU
		{5C0E715E-0A90-0477-61DD-35732DCC052A}.Debug|Any CPU.ActiveCfg = Debug|Any CPU
		{5C0E715E-0A90-0477-61DD-35732DCC052A}.Debug|Any CPU.Build.0 = Debug|Any CPU
		{5C0E715E-0A90-0477-61DD-35732DCC052A}.Debug|x64.ActiveCfg = Debug|Any CPU
		{5C0E715E-0A90-0477-61DD-35732DCC052A}.Debug|x64.Build.0 = Debug|Any CPU
		{5C0E715E-0A90-0477-61DD-35732DCC052A}.Debug|x86.ActiveCfg = Debug|Any CPU
		{5C0E715E-0A90-0477-61DD-35732DCC052A}.Debug|x86.Build.0 = Debug|Any CPU
		{5C0E715E-0A90-0477-61DD-35732DCC052A}.Release|Any CPU.ActiveCfg = Debug|Any CPU
		{5C0E715E-0A90-0477-61DD-35732DCC052A}.Release|Any CPU.Build.0 = Debug|Any CPU
		{5C0E715E-0A90-0477-61DD-35732DCC052A}.Release|x64.ActiveCfg = Debug|Any CPU
		{5C0E715E-0A90-0477-61DD-35732DCC052A}.Release|x64.Build.0 = Debug|Any CPU
		{5C0E715E-0A90-0477-61DD-35732DCC052A}.Release|x86.ActiveCfg = Debug|Any CPU
		{5C0E715E-0A90-0477-61DD-35732DCC052A}.Release|x86.Build.0 = Debug|Any CPU
	EndGlobalSection
EndGlobal
