
Microsoft Visual Studio Solution File, Format Version 11.00
# Visual Studio 2010
Project("{FAE04EC0-301F-11D3-BF4B-00C04F79EFBC}") = "YarnSpinnerConsole", "YarnSpinnerConsole\YarnSpinnerConsole.csproj", "{858816BE-870C-40A8-BC22-8EDA51E2F339}"
EndProject
Project("{2150E333-8FDC-42A3-9474-1A3956D46DE8}") = "Solution Items", "Solution Items", "{7A162B42-C144-4C15-9ABC-BE5898622C32}"
EndProject
Project("{FAE04EC0-301F-11D3-BF4B-00C04F79EFBC}") = "YarnSpinner", "YarnSpinner\YarnSpinner.csproj", "{6C3B03D2-2E89-4EC3-A022-E84053A7B17F}"
EndProject
Project("{FAE04EC0-301F-11D3-BF4B-00C04F79EFBC}") = "YarnSpinnerTests", "YarnSpinnerTests\YarnSpinnerTests.csproj", "{24F90A1D-B1CA-4E0F-8BD2-A91D8B443855}"
EndProject
Global
	GlobalSection(SolutionConfigurationPlatforms) = preSolution
		Debug|x86 = Debug|x86
		Release|x86 = Release|x86
	EndGlobalSection
	GlobalSection(ProjectConfigurationPlatforms) = postSolution
		{24F90A1D-B1CA-4E0F-8BD2-A91D8B443855}.Debug|x86.ActiveCfg = Debug|Any CPU
		{24F90A1D-B1CA-4E0F-8BD2-A91D8B443855}.Debug|x86.Build.0 = Debug|Any CPU
		{24F90A1D-B1CA-4E0F-8BD2-A91D8B443855}.Release|x86.ActiveCfg = Release|Any CPU
		{24F90A1D-B1CA-4E0F-8BD2-A91D8B443855}.Release|x86.Build.0 = Release|Any CPU
		{6C3B03D2-2E89-4EC3-A022-E84053A7B17F}.Debug|x86.ActiveCfg = Debug|Any CPU
		{6C3B03D2-2E89-4EC3-A022-E84053A7B17F}.Debug|x86.Build.0 = Debug|Any CPU
		{6C3B03D2-2E89-4EC3-A022-E84053A7B17F}.Release|x86.ActiveCfg = Release|Any CPU
		{6C3B03D2-2E89-4EC3-A022-E84053A7B17F}.Release|x86.Build.0 = Release|Any CPU
		{858816BE-870C-40A8-BC22-8EDA51E2F339}.Debug|x86.ActiveCfg = Debug|x86
		{858816BE-870C-40A8-BC22-8EDA51E2F339}.Debug|x86.Build.0 = Debug|x86
		{858816BE-870C-40A8-BC22-8EDA51E2F339}.Release|x86.ActiveCfg = Release|x86
		{858816BE-870C-40A8-BC22-8EDA51E2F339}.Release|x86.Build.0 = Release|x86
	EndGlobalSection
	GlobalSection(NestedProjects) = preSolution
	EndGlobalSection
	GlobalSection(MonoDevelopProperties) = preSolution
		version = 0.9
	EndGlobalSection
EndGlobal
